
Microsoft Visual Studio Solution File, Format Version 12.00
# Visual Studio Version 17
VisualStudioVersion = 17.10.35201.131
MinimumVisualStudioVersion = 10.0.40219.1
Project("{9A19103F-16F7-4668-BE54-9A1E7A4F7556}") = "Salaxy.Tools.ApiCodegen", "ApiCodegen\Salaxy.Tools.ApiCodegen.csproj", "{36B4015D-11DB-47FE-AF2B-9328AB1F5170}"
EndProject
Project("{9A19103F-16F7-4668-BE54-9A1E7A4F7556}") = "Salaxy.Client", "Client\Salaxy.Client.csproj", "{501B2EC6-1A7B-482A-B441-5B4D435A3C19}"
EndProject
Project("{9A19103F-16F7-4668-BE54-9A1E7A4F7556}") = "Salaxy.Tools.ClientTester", "ClientTester\Salaxy.Tools.ClientTester.csproj", "{7F224AB0-78B7-4F5E-AAB2-BCBA5F7553DC}"
EndProject
Project("{2150E333-8FDC-42A3-9474-1A3956D46DE8}") = "Solution Items", "Solution Items", "{EF38A3AF-4DFF-4246-BB6A-D2E4B28B6EA1}"
	ProjectSection(SolutionItems) = preProject
		README.md = README.md
	EndProjectSection
EndProject
Global
	GlobalSection(SolutionConfigurationPlatforms) = preSolution
		Debug|Any CPU = Debug|Any CPU
		Release|Any CPU = Release|Any CPU
	EndGlobalSection
	GlobalSection(ProjectConfigurationPlatforms) = postSolution
		{36B4015D-11DB-47FE-AF2B-9328AB1F5170}.Debug|Any CPU.ActiveCfg = Debug|Any CPU
		{36B4015D-11DB-47FE-AF2B-9328AB1F5170}.Debug|Any CPU.Build.0 = Debug|Any CPU
		{36B4015D-11DB-47FE-AF2B-9328AB1F5170}.Release|Any CPU.ActiveCfg = Release|Any CPU
		{36B4015D-11DB-47FE-AF2B-9328AB1F5170}.Release|Any CPU.Build.0 = Release|Any CPU
		{501B2EC6-1A7B-482A-B441-5B4D435A3C19}.Debug|Any CPU.ActiveCfg = Debug|Any CPU
		{501B2EC6-1A7B-482A-B441-5B4D435A3C19}.Debug|Any CPU.Build.0 = Debug|Any CPU
		{501B2EC6-1A7B-482A-B441-5B4D435A3C19}.Release|Any CPU.ActiveCfg = Release|Any CPU
		{501B2EC6-1A7B-482A-B441-5B4D435A3C19}.Release|Any CPU.Build.0 = Release|Any CPU
		{7F224AB0-78B7-4F5E-AAB2-BCBA5F7553DC}.Debug|Any CPU.ActiveCfg = Debug|Any CPU
		{7F224AB0-78B7-4F5E-AAB2-BCBA5F7553DC}.Debug|Any CPU.Build.0 = Debug|Any CPU
		{7F224AB0-78B7-4F5E-AAB2-BCBA5F7553DC}.Release|Any CPU.ActiveCfg = Release|Any CPU
		{7F224AB0-78B7-4F5E-AAB2-BCBA5F7553DC}.Release|Any CPU.Build.0 = Release|Any CPU
	EndGlobalSection
	GlobalSection(SolutionProperties) = preSolution
		HideSolutionNode = FALSE
	EndGlobalSection
	GlobalSection(ExtensibilityGlobals) = postSolution
		SolutionGuid = {85FC79DF-23E7-4BF6-9ED5-7C3CA8FEA4E9}
	EndGlobalSection
EndGlobal
